
Microsoft Visual Studio Solution File, Format Version 12.00
# Visual Studio Version 17
VisualStudioVersion = 17.11.35327.3
MinimumVisualStudioVersion = 10.0.40219.1
Project("{FAE04EC0-301F-11D3-BF4B-00C04F79EFBC}") = "TallerVectores", "TallerVectores\TallerVectores.csproj", "{57840BCD-3A90-4E5D-A273-971319F0917A}"
EndProject
Global
	GlobalSection(SolutionConfigurationPlatforms) = preSolution
		Debug|Any CPU = Debug|Any CPU
		Release|Any CPU = Release|Any CPU
	EndGlobalSection
	GlobalSection(ProjectConfigurationPlatforms) = postSolution
		{57840BCD-3A90-4E5D-A273-971319F0917A}.Debug|Any CPU.ActiveCfg = Debug|Any CPU
		{57840BCD-3A90-4E5D-A273-971319F0917A}.Debug|Any CPU.Build.0 = Debug|Any CPU
		{57840BCD-3A90-4E5D-A273-971319F0917A}.Release|Any CPU.ActiveCfg = Release|Any CPU
		{57840BCD-3A90-4E5D-A273-971319F0917A}.Release|Any CPU.Build.0 = Release|Any CPU
	EndGlobalSection
	GlobalSection(SolutionProperties) = preSolution
		HideSolutionNode = FALSE
	EndGlobalSection
	GlobalSection(ExtensibilityGlobals) = postSolution
		SolutionGuid = {E1125AB5-AC14-4804-A28E-433479C0FDF1}
	EndGlobalSection
EndGlobal
