
Microsoft Visual Studio Solution File, Format Version 12.00
# Visual Studio Version 17
VisualStudioVersion = 17.11.35327.3
MinimumVisualStudioVersion = 10.0.40219.1
Project("{FAE04EC0-301F-11D3-BF4B-00C04F79EFBC}") = "9.CicloWile", "9.CicloWile\9.CicloWile.csproj", "{0FDD88D7-2C2F-4258-AF3F-64C0B18C9E65}"
EndProject
Global
	GlobalSection(SolutionConfigurationPlatforms) = preSolution
		Debug|Any CPU = Debug|Any CPU
		Release|Any CPU = Release|Any CPU
	EndGlobalSection
	GlobalSection(ProjectConfigurationPlatforms) = postSolution
		{0FDD88D7-2C2F-4258-AF3F-64C0B18C9E65}.Debug|Any CPU.ActiveCfg = Debug|Any CPU
		{0FDD88D7-2C2F-4258-AF3F-64C0B18C9E65}.Debug|Any CPU.Build.0 = Debug|Any CPU
		{0FDD88D7-2C2F-4258-AF3F-64C0B18C9E65}.Release|Any CPU.ActiveCfg = Release|Any CPU
		{0FDD88D7-2C2F-4258-AF3F-64C0B18C9E65}.Release|Any CPU.Build.0 = Release|Any CPU
	EndGlobalSection
	GlobalSection(SolutionProperties) = preSolution
		HideSolutionNode = FALSE
	EndGlobalSection
	GlobalSection(ExtensibilityGlobals) = postSolution
		SolutionGuid = {5B0BEDC9-6E30-4595-9CB9-A09CA1218D8F}
	EndGlobalSection
EndGlobal
